// !$*UTF8*$!
{
	archiveVersion = 1;
	classes = {
	};
	objectVersion = 77;
	objects = {

/* Begin PBXContainerItemProxy section */
		92E65BCC2DDFA66A00EB4583 /* PBXContainerItemProxy */ = {
			isa = PBXContainerItemProxy;
			containerPortal = 92E65BB62DDFA66800EB4583 /* Project object */;
			proxyType = 1;
			remoteGlobalIDString = 92E65BBD2DDFA66800EB4583;
			remoteInfo = ToastApp;
		};
		92E65BD62DDFA66A00EB4583 /* PBXContainerItemProxy */ = {
			isa = PBXContainerItemProxy;
			containerPortal = 92E65BB62DDFA66800EB4583 /* Project object */;
			proxyType = 1;
			remoteGlobalIDString = 92E65BBD2DDFA66800EB4583;
			remoteInfo = ToastApp;
		};
/* End PBXContainerItemProxy section */

/* Begin PBXFileReference section */
		92E65BBE2DDFA66800EB4583 /* ToastApp.app */ = {isa = PBXFileReference; explicitFileType = wrapper.application; includeInIndex = 0; path = ToastApp.app; sourceTree = BUILT_PRODUCTS_DIR; };
		92E65BCB2DDFA66A00EB4583 /* ToastAppTests.xctest */ = {isa = PBXFileReference; explicitFileType = wrapper.cfbundle; includeInIndex = 0; path = ToastAppTests.xctest; sourceTree = BUILT_PRODUCTS_DIR; };
		92E65BD52DDFA66A00EB4583 /* ToastAppUITests.xctest */ = {isa = PBXFileReference; explicitFileType = wrapper.cfbundle; includeInIndex = 0; path = ToastAppUITests.xctest; sourceTree = BUILT_PRODUCTS_DIR; };
/* End PBXFileReference section */

/* Begin PBXFileSystemSynchronizedRootGroup section */
		92E65BC02DDFA66800EB4583 /* ToastApp */ = {
			isa = PBXFileSystemSynchronizedRootGroup;
			path = ToastApp;
			sourceTree = "<group>";
		};
		92E65BCE2DDFA66A00EB4583 /* ToastAppTests */ = {
			isa = PBXFileSystemSynchronizedRootGroup;
			path = ToastAppTests;
			sourceTree = "<group>";
		};
		92E65BD82DDFA66A00EB4583 /* ToastAppUITests */ = {
			isa = PBXFileSystemSynchronizedRootGroup;
			path = ToastAppUITests;
			sourceTree = "<group>";
		};
/* End PBXFileSystemSynchronizedRootGroup section */

/* Begin PBXFrameworksBuildPhase section */
		92E65BBB2DDFA66800EB4583 /* Frameworks */ = {
			isa = PBXFrameworksBuildPhase;
			buildActionMask = 2147483647;
			files = (
			);
			runOnlyForDeploymentPostprocessing = 0;
		};
		92E65BC82DDFA66A00EB4583 /* Frameworks */ = {
			isa = PBXFrameworksBuildPhase;
			buildActionMask = 2147483647;
			files = (
			);
			runOnlyForDeploymentPostprocessing = 0;
		};
		92E65BD22DDFA66A00EB4583 /* Frameworks */ = {
			isa = PBXFrameworksBuildPhase;
			buildActionMask = 2147483647;
			files = (
			);
			runOnlyForDeploymentPostprocessing = 0;
		};
/* End PBXFrameworksBuildPhase section */

/* Begin PBXGroup section */
		92E65BB52DDFA66800EB4583 = {
			isa = PBXGroup;
			children = (
				92E65BC02DDFA66800EB4583 /* ToastApp */,
				92E65BCE2DDFA66A00EB4583 /* ToastAppTests */,
				92E65BD82DDFA66A00EB4583 /* ToastAppUITests */,
				92E65BBF2DDFA66800EB4583 /* Products */,
			);
			sourceTree = "<group>";
		};
		92E65BBF2DDFA66800EB4583 /* Products */ = {
			isa = PBXGroup;
			children = (
				92E65BBE2DDFA66800EB4583 /* ToastApp.app */,
				92E65BCB2DDFA66A00EB4583 /* ToastAppTests.xctest */,
				92E65BD52DDFA66A00EB4583 /* ToastAppUITests.xctest */,
			);
			name = Products;
			sourceTree = "<group>";
		};
/* End PBXGroup section */

/* Begin PBXNativeTarget section */
		92E65BBD2DDFA66800EB4583 /* ToastApp */ = {
			isa = PBXNativeTarget;
			buildConfigurationList = 92E65BDF2DDFA66A00EB4583 /* Build configuration list for PBXNativeTarget "ToastApp" */;
			buildPhases = (
				92E65BBA2DDFA66800EB4583 /* Sources */,
				92E65BBB2DDFA66800EB4583 /* Frameworks */,
				92E65BBC2DDFA66800EB4583 /* Resources */,
			);
			buildRules = (
			);
			dependencies = (
			);
			fileSystemSynchronizedGroups = (
				92E65BC02DDFA66800EB4583 /* ToastApp */,
			);
			name = ToastApp;
			packageProductDependencies = (
			);
			productName = ToastApp;
			productReference = 92E65BBE2DDFA66800EB4583 /* ToastApp.app */;
			productType = "com.apple.product-type.application";
		};
		92E65BCA2DDFA66A00EB4583 /* ToastAppTests */ = {
			isa = PBXNativeTarget;
			buildConfigurationList = 92E65BE22DDFA66A00EB4583 /* Build configuration list for PBXNativeTarget "ToastAppTests" */;
			buildPhases = (
				92E65BC72DDFA66A00EB4583 /* Sources */,
				92E65BC82DDFA66A00EB4583 /* Frameworks */,
				92E65BC92DDFA66A00EB4583 /* Resources */,
			);
			buildRules = (
			);
			dependencies = (
				92E65BCD2DDFA66A00EB4583 /* PBXTargetDependency */,
			);
			fileSystemSynchronizedGroups = (
				92E65BCE2DDFA66A00EB4583 /* ToastAppTests */,
			);
			name = ToastAppTests;
			packageProductDependencies = (
			);
			productName = ToastAppTests;
			productReference = 92E65BCB2DDFA66A00EB4583 /* ToastAppTests.xctest */;
			productType = "com.apple.product-type.bundle.unit-test";
		};
		92E65BD42DDFA66A00EB4583 /* ToastAppUITests */ = {
			isa = PBXNativeTarget;
			buildConfigurationList = 92E65BE52DDFA66A00EB4583 /* Build configuration list for PBXNativeTarget "ToastAppUITests" */;
			buildPhases = (
				92E65BD12DDFA66A00EB4583 /* Sources */,
				92E65BD22DDFA66A00EB4583 /* Frameworks */,
				92E65BD32DDFA66A00EB4583 /* Resources */,
			);
			buildRules = (
			);
			dependencies = (
				92E65BD72DDFA66A00EB4583 /* PBXTargetDependency */,
			);
			fileSystemSynchronizedGroups = (
				92E65BD82DDFA66A00EB4583 /* ToastAppUITests */,
			);
			name = ToastAppUITests;
			packageProductDependencies = (
			);
			productName = ToastAppUITests;
			productReference = 92E65BD52DDFA66A00EB4583 /* ToastAppUITests.xctest */;
			productType = "com.apple.product-type.bundle.ui-testing";
		};
/* End PBXNativeTarget section */

/* Begin PBXProject section */
		92E65BB62DDFA66800EB4583 /* Project object */ = {
			isa = PBXProject;
			attributes = {
				BuildIndependentTargetsInParallel = 1;
				LastSwiftUpdateCheck = 1630;
				LastUpgradeCheck = 1630;
				TargetAttributes = {
					92E65BBD2DDFA66800EB4583 = {
						CreatedOnToolsVersion = 16.3;
					};
					92E65BCA2DDFA66A00EB4583 = {
						CreatedOnToolsVersion = 16.3;
						TestTargetID = 92E65BBD2DDFA66800EB4583;
					};
					92E65BD42DDFA66A00EB4583 = {
						CreatedOnToolsVersion = 16.3;
						TestTargetID = 92E65BBD2DDFA66800EB4583;
					};
				};
			};
			buildConfigurationList = 92E65BB92DDFA66800EB4583 /* Build configuration list for PBXProject "ToastApp" */;
			developmentRegion = en;
			hasScannedForEncodings = 0;
			knownRegions = (
				en,
				Base,
			);
			mainGroup = 92E65BB52DDFA66800EB4583;
			minimizedProjectReferenceProxies = 1;
			preferredProjectObjectVersion = 77;
			productRefGroup = 92E65BBF2DDFA66800EB4583 /* Products */;
			projectDirPath = "";
			projectRoot = "";
			targets = (
				92E65BBD2DDFA66800EB4583 /* ToastApp */,
				92E65BCA2DDFA66A00EB4583 /* ToastAppTests */,
				92E65BD42DDFA66A00EB4583 /* ToastAppUITests */,
			);
		};
/* End PBXProject section */

/* Begin PBXResourcesBuildPhase section */
		92E65BBC2DDFA66800EB4583 /* Resources */ = {
			isa = PBXResourcesBuildPhase;
			buildActionMask = 2147483647;
			files = (
			);
			runOnlyForDeploymentPostprocessing = 0;
		};
		92E65BC92DDFA66A00EB4583 /* Resources */ = {
			isa = PBXResourcesBuildPhase;
			buildActionMask = 2147483647;
			files = (
			);
			runOnlyForDeploymentPostprocessing = 0;
		};
		92E65BD32DDFA66A00EB4583 /* Resources */ = {
			isa = PBXResourcesBuildPhase;
			buildActionMask = 2147483647;
			files = (
			);
			runOnlyForDeploymentPostprocessing = 0;
		};
/* End PBXResourcesBuildPhase section */

/* Begin PBXSourcesBuildPhase section */
		92E65BBA2DDFA66800EB4583 /* Sources */ = {
			isa = PBXSourcesBuildPhase;
			buildActionMask = 2147483647;
			files = (
			);
			runOnlyForDeploymentPostprocessing = 0;
		};
		92E65BC72DDFA66A00EB4583 /* Sources */ = {
			isa = PBXSourcesBuildPhase;
			buildActionMask = 2147483647;
			files = (
			);
			runOnlyForDeploymentPostprocessing = 0;
		};
		92E65BD12DDFA66A00EB4583 /* Sources */ = {
			isa = PBXSourcesBuildPhase;
			buildActionMask = 2147483647;
			files = (
			);
			runOnlyForDeploymentPostprocessing = 0;
		};
/* End PBXSourcesBuildPhase section */

/* Begin PBXTargetDependency section */
		92E65BCD2DDFA66A00EB4583 /* PBXTargetDependency */ = {
			isa = PBXTargetDependency;
			target = 92E65BBD2DDFA66800EB4583 /* ToastApp */;
			targetProxy = 92E65BCC2DDFA66A00EB4583 /* PBXContainerItemProxy */;
		};
		92E65BD72DDFA66A00EB4583 /* PBXTargetDependency */ = {
			isa = PBXTargetDependency;
			target = 92E65BBD2DDFA66800EB4583 /* ToastApp */;
			targetProxy = 92E65BD62DDFA66A00EB4583 /* PBXContainerItemProxy */;
		};
/* End PBXTargetDependency section */

/* Begin XCBuildConfiguration section */
		92E65BDD2DDFA66A00EB4583 /* Debug */ = {
			isa = XCBuildConfiguration;
			buildSettings = {
				ALWAYS_SEARCH_USER_PATHS = NO;
				ASSETCATALOG_COMPILER_GENERATE_SWIFT_ASSET_SYMBOL_EXTENSIONS = YES;
				CLANG_ANALYZER_NONNULL = YES;
				CLANG_ANALYZER_NUMBER_OBJECT_CONVERSION = YES_AGGRESSIVE;
				CLANG_CXX_LANGUAGE_STANDARD = "gnu++20";
				CLANG_ENABLE_MODULES = YES;
				CLANG_ENABLE_OBJC_ARC = YES;
				CLANG_ENABLE_OBJC_WEAK = YES;
				CLANG_WARN_BLOCK_CAPTURE_AUTORELEASING = YES;
				CLANG_WARN_BOOL_CONVERSION = YES;
				CLANG_WARN_COMMA = YES;
				CLANG_WARN_CONSTANT_CONVERSION = YES;
				CLANG_WARN_DEPRECATED_OBJC_IMPLEMENTATIONS = YES;
				CLANG_WARN_DIRECT_OBJC_ISA_USAGE = YES_ERROR;
				CLANG_WARN_DOCUMENTATION_COMMENTS = YES;
				CLANG_WARN_EMPTY_BODY = YES;
				CLANG_WARN_ENUM_CONVERSION = YES;
				CLANG_WARN_INFINITE_RECURSION = YES;
				CLANG_WARN_INT_CONVERSION = YES;
				CLANG_WARN_NON_LITERAL_NULL_CONVERSION = YES;
				CLANG_WARN_OBJC_IMPLICIT_RETAIN_SELF = YES;
				CLANG_WARN_OBJC_LITERAL_CONVERSION = YES;
				CLANG_WARN_OBJC_ROOT_CLASS = YES_ERROR;
				CLANG_WARN_QUOTED_INCLUDE_IN_FRAMEWORK_HEADER = YES;
				CLANG_WARN_RANGE_LOOP_ANALYSIS = YES;
				CLANG_WARN_STRICT_PROTOTYPES = YES;
				CLANG_WARN_SUSPICIOUS_MOVE = YES;
				CLANG_WARN_UNGUARDED_AVAILABILITY = YES_AGGRESSIVE;
				CLANG_WARN_UNREACHABLE_CODE = YES;
				CLANG_WARN__DUPLICATE_METHOD_MATCH = YES;
				COPY_PHASE_STRIP = NO;
				DEBUG_INFORMATION_FORMAT = dwarf;
				DEVELOPMENT_TEAM = 4685UZJP77;
				ENABLE_STRICT_OBJC_MSGSEND = YES;
				ENABLE_TESTABILITY = YES;
				ENABLE_USER_SCRIPT_SANDBOXING = YES;
				GCC_C_LANGUAGE_STANDARD = gnu17;
				GCC_DYNAMIC_NO_PIC = NO;
				GCC_NO_COMMON_BLOCKS = YES;
				GCC_OPTIMIZATION_LEVEL = 0;
				GCC_PREPROCESSOR_DEFINITIONS = (
					"DEBUG=1",
					"$(inherited)",
				);
				GCC_WARN_64_TO_32_BIT_CONVERSION = YES;
				GCC_WARN_ABOUT_RETURN_TYPE = YES_ERROR;
				GCC_WARN_UNDECLARED_SELECTOR = YES;
				GCC_WARN_UNINITIALIZED_AUTOS = YES_AGGRESSIVE;
				GCC_WARN_UNUSED_FUNCTION = YES;
				GCC_WARN_UNUSED_VARIABLE = YES;
				IPHONEOS_DEPLOYMENT_TARGET = 18.4;
				LOCALIZATION_PREFERS_STRING_CATALOGS = YES;
				MTL_ENABLE_DEBUG_INFO = INCLUDE_SOURCE;
				MTL_FAST_MATH = YES;
				ONLY_ACTIVE_ARCH = YES;
				SDKROOT = iphoneos;
				SWIFT_ACTIVE_COMPILATION_CONDITIONS = "DEBUG $(inherited)";
				SWIFT_OPTIMIZATION_LEVEL = "-Onone";
			};
			name = Debug;
		};
		92E65BDE2DDFA66A00EB4583 /* Release */ = {
			isa = XCBuildConfiguration;
			buildSettings = {
				ALWAYS_SEARCH_USER_PATHS = NO;
				ASSETCATALOG_COMPILER_GENERATE_SWIFT_ASSET_SYMBOL_EXTENSIONS = YES;
				CLANG_ANALYZER_NONNULL = YES;
				CLANG_ANALYZER_NUMBER_OBJECT_CONVERSION = YES_AGGRESSIVE;
				CLANG_CXX_LANGUAGE_STANDARD = "gnu++20";
				CLANG_ENABLE_MODULES = YES;
				CLANG_ENABLE_OBJC_ARC = YES;
				CLANG_ENABLE_OBJC_WEAK = YES;
				CLANG_WARN_BLOCK_CAPTURE_AUTORELEASING = YES;
				CLANG_WARN_BOOL_CONVERSION = YES;
				CLANG_WARN_COMMA = YES;
				CLANG_WARN_CONSTANT_CONVERSION = YES;
				CLANG_WARN_DEPRECATED_OBJC_IMPLEMENTATIONS = YES;
				CLANG_WARN_DIRECT_OBJC_ISA_USAGE = YES_ERROR;
				CLANG_WARN_DOCUMENTATION_COMMENTS = YES;
				CLANG_WARN_EMPTY_BODY = YES;
				CLANG_WARN_ENUM_CONVERSION = YES;
				CLANG_WARN_INFINITE_RECURSION = YES;
				CLANG_WARN_INT_CONVERSION = YES;
				CLANG_WARN_NON_LITERAL_NULL_CONVERSION = YES;
				CLANG_WARN_OBJC_IMPLICIT_RETAIN_SELF = YES;
				CLANG_WARN_OBJC_LITERAL_CONVERSION = YES;
				CLANG_WARN_OBJC_ROOT_CLASS = YES_ERROR;
				CLANG_WARN_QUOTED_INCLUDE_IN_FRAMEWORK_HEADER = YES;
				CLANG_WARN_RANGE_LOOP_ANALYSIS = YES;
				CLANG_WARN_STRICT_PROTOTYPES = YES;
				CLANG_WARN_SUSPICIOUS_MOVE = YES;
				CLANG_WARN_UNGUARDED_AVAILABILITY = YES_AGGRESSIVE;
				CLANG_WARN_UNREACHABLE_CODE = YES;
				CLANG_WARN__DUPLICATE_METHOD_MATCH = YES;
				COPY_PHASE_STRIP = NO;
				DEBUG_INFORMATION_FORMAT = "dwarf-with-dsym";
				DEVELOPMENT_TEAM = 4685UZJP77;
				ENABLE_NS_ASSERTIONS = NO;
				ENABLE_STRICT_OBJC_MSGSEND = YES;
				ENABLE_USER_SCRIPT_SANDBOXING = YES;
				GCC_C_LANGUAGE_STANDARD = gnu17;
				GCC_NO_COMMON_BLOCKS = YES;
				GCC_WARN_64_TO_32_BIT_CONVERSION = YES;
				GCC_WARN_ABOUT_RETURN_TYPE = YES_ERROR;
				GCC_WARN_UNDECLARED_SELECTOR = YES;
				GCC_WARN_UNINITIALIZED_AUTOS = YES_AGGRESSIVE;
				GCC_WARN_UNUSED_FUNCTION = YES;
				GCC_WARN_UNUSED_VARIABLE = YES;
				IPHONEOS_DEPLOYMENT_TARGET = 18.4;
				LOCALIZATION_PREFERS_STRING_CATALOGS = YES;
				MTL_ENABLE_DEBUG_INFO = NO;
				MTL_FAST_MATH = YES;
				SDKROOT = iphoneos;
				SWIFT_COMPILATION_MODE = wholemodule;
				VALIDATE_PRODUCT = YES;
			};
			name = Release;
		};
		92E65BE02DDFA66A00EB4583 /* Debug */ = {
			isa = XCBuildConfiguration;
			buildSettings = {
				ASSETCATALOG_COMPILER_APPICON_NAME = AppIcon;
				ASSETCATALOG_COMPILER_GLOBAL_ACCENT_COLOR_NAME = AccentColor;
				CODE_SIGN_STYLE = Automatic;
				CURRENT_PROJECT_VERSION = 1;
				DEVELOPMENT_TEAM = 4685UZJP77;
				ENABLE_PREVIEWS = YES;
				GENERATE_INFOPLIST_FILE = YES;
				INFOPLIST_KEY_UIApplicationSceneManifest_Generation = YES;
				INFOPLIST_KEY_UIApplicationSupportsIndirectInputEvents = YES;
				INFOPLIST_KEY_UILaunchScreen_Generation = YES;
				INFOPLIST_KEY_UISupportedInterfaceOrientations_iPad = "UIInterfaceOrientationPortrait UIInterfaceOrientationPortraitUpsideDown UIInterfaceOrientationLandscapeLeft UIInterfaceOrientationLandscapeRight";
				INFOPLIST_KEY_UISupportedInterfaceOrientations_iPhone = "UIInterfaceOrientationPortrait UIInterfaceOrientationLandscapeLeft UIInterfaceOrientationLandscapeRight";
				LD_RUNPATH_SEARCH_PATHS = (
					"$(inherited)",
					"@executable_path/Frameworks",
				);
				MARKETING_VERSION = 1.0;
				PRODUCT_BUNDLE_IDENTIFIER = coreAnimationTest.ToastApp;
				PRODUCT_NAME = "$(TARGET_NAME)";
				SWIFT_EMIT_LOC_STRINGS = YES;
				SWIFT_VERSION = 5.0;
				TARGETED_DEVICE_FAMILY = "1,2";
			};
			name = Debug;
		};
		92E65BE12DDFA66A00EB4583 /* Release */ = {
			isa = XCBuildConfiguration;
			buildSettings = {
				ASSETCATALOG_COMPILER_APPICON_NAME = AppIcon;
				ASSETCATALOG_COMPILER_GLOBAL_ACCENT_COLOR_NAME = AccentColor;
				CODE_SIGN_STYLE = Automatic;
				CURRENT_PROJECT_VERSION = 1;
				DEVELOPMENT_TEAM = 4685UZJP77;
				ENABLE_PREVIEWS = YES;
				GENERATE_INFOPLIST_FILE = YES;
				INFOPLIST_KEY_UIApplicationSceneManifest_Generation = YES;
				INFOPLIST_KEY_UIApplicationSupportsIndirectInputEvents = YES;
				INFOPLIST_KEY_UILaunchScreen_Generation = YES;
				INFOPLIST_KEY_UISupportedInterfaceOrientations_iPad = "UIInterfaceOrientationPortrait UIInterfaceOrientationPortraitUpsideDown UIInterfaceOrientationLandscapeLeft UIInterfaceOrientationLandscapeRight";
				INFOPLIST_KEY_UISupportedInterfaceOrientations_iPhone = "UIInterfaceOrientationPortrait UIInterfaceOrientationLandscapeLeft UIInterfaceOrientationLandscapeRight";
				LD_RUNPATH_SEARCH_PATHS = (
					"$(inherited)",
					"@executable_path/Frameworks",
				);
				MARKETING_VERSION = 1.0;
				PRODUCT_BUNDLE_IDENTIFIER = coreAnimationTest.ToastApp;
				PRODUCT_NAME = "$(TARGET_NAME)";
				SWIFT_EMIT_LOC_STRINGS = YES;
				SWIFT_VERSION = 5.0;
				TARGETED_DEVICE_FAMILY = "1,2";
			};
			name = Release;
		};
		92E65BE32DDFA66A00EB4583 /* Debug */ = {
			isa = XCBuildConfiguration;
			buildSettings = {
				BUNDLE_LOADER = "$(TEST_HOST)";
				CODE_SIGN_STYLE = Automatic;
				CURRENT_PROJECT_VERSION = 1;
				DEVELOPMENT_TEAM = 4685UZJP77;
				GENERATE_INFOPLIST_FILE = YES;
				IPHONEOS_DEPLOYMENT_TARGET = 18.4;
				MARKETING_VERSION = 1.0;
				PRODUCT_BUNDLE_IDENTIFIER = coreAnimationTest.ToastAppTests;
				PRODUCT_NAME = "$(TARGET_NAME)";
				SWIFT_EMIT_LOC_STRINGS = NO;
				SWIFT_VERSION = 5.0;
				TARGETED_DEVICE_FAMILY = "1,2";
				TEST_HOST = "$(BUILT_PRODUCTS_DIR)/ToastApp.app/$(BUNDLE_EXECUTABLE_FOLDER_PATH)/ToastApp";
			};
			name = Debug;
		};
		92E65BE42DDFA66A00EB4583 /* Release */ = {
			isa = XCBuildConfiguration;
			buildSettings = {
				BUNDLE_LOADER = "$(TEST_HOST)";
				CODE_SIGN_STYLE = Automatic;
				CURRENT_PROJECT_VERSION = 1;
				DEVELOPMENT_TEAM = 4685UZJP77;
				GENERATE_INFOPLIST_FILE = YES;
				IPHONEOS_DEPLOYMENT_TARGET = 18.4;
				MARKETING_VERSION = 1.0;
				PRODUCT_BUNDLE_IDENTIFIER = coreAnimationTest.ToastAppTests;
				PRODUCT_NAME = "$(TARGET_NAME)";
				SWIFT_EMIT_LOC_STRINGS = NO;
				SWIFT_VERSION = 5.0;
				TARGETED_DEVICE_FAMILY = "1,2";
				TEST_HOST = "$(BUILT_PRODUCTS_DIR)/ToastApp.app/$(BUNDLE_EXECUTABLE_FOLDER_PATH)/ToastApp";
			};
			name = Release;
		};
		92E65BE62DDFA66A00EB4583 /* Debug */ = {
			isa = XCBuildConfiguration;
			buildSettings = {
				CODE_SIGN_STYLE = Automatic;
				CURRENT_PROJECT_VERSION = 1;
				DEVELOPMENT_TEAM = 4685UZJP77;
				GENERATE_INFOPLIST_FILE = YES;
				MARKETING_VERSION = 1.0;
				PRODUCT_BUNDLE_IDENTIFIER = coreAnimationTest.ToastAppUITests;
				PRODUCT_NAME = "$(TARGET_NAME)";
				SWIFT_EMIT_LOC_STRINGS = NO;
				SWIFT_VERSION = 5.0;
				TARGETED_DEVICE_FAMILY = "1,2";
				TEST_TARGET_NAME = ToastApp;
			};
			name = Debug;
		};
		92E65BE72DDFA66A00EB4583 /* Release */ = {
			isa = XCBuildConfiguration;
			buildSettings = {
				CODE_SIGN_STYLE = Automatic;
				CURRENT_PROJECT_VERSION = 1;
				DEVELOPMENT_TEAM = 4685UZJP77;
				GENERATE_INFOPLIST_FILE = YES;
				MARKETING_VERSION = 1.0;
				PRODUCT_BUNDLE_IDENTIFIER = coreAnimationTest.ToastAppUITests;
				PRODUCT_NAME = "$(TARGET_NAME)";
				SWIFT_EMIT_LOC_STRINGS = NO;
				SWIFT_VERSION = 5.0;
				TARGETED_DEVICE_FAMILY = "1,2";
				TEST_TARGET_NAME = ToastApp;
			};
			name = Release;
		};
/* End XCBuildConfiguration section */

/* Begin XCConfigurationList section */
		92E65BB92DDFA66800EB4583 /* Build configuration list for PBXProject "ToastApp" */ = {
			isa = XCConfigurationList;
			buildConfigurations = (
				92E65BDD2DDFA66A00EB4583 /* Debug */,
				92E65BDE2DDFA66A00EB4583 /* Release */,
			);
			defaultConfigurationIsVisible = 0;
			defaultConfigurationName = Release;
		};
		92E65BDF2DDFA66A00EB4583 /* Build configuration list for PBXNativeTarget "ToastApp" */ = {
			isa = XCConfigurationList;
			buildConfigurations = (
				92E65BE02DDFA66A00EB4583 /* Debug */,
				92E65BE12DDFA66A00EB4583 /* Release */,
			);
			defaultConfigurationIsVisible = 0;
			defaultConfigurationName = Release;
		};
		92E65BE22DDFA66A00EB4583 /* Build configuration list for PBXNativeTarget "ToastAppTests" */ = {
			isa = XCConfigurationList;
			buildConfigurations = (
				92E65BE32DDFA66A00EB4583 /* Debug */,
				92E65BE42DDFA66A00EB4583 /* Release */,
			);
			defaultConfigurationIsVisible = 0;
			defaultConfigurationName = Release;
		};
		92E65BE52DDFA66A00EB4583 /* Build configuration list for PBXNativeTarget "ToastAppUITests" */ = {
			isa = XCConfigurationList;
			buildConfigurations = (
				92E65BE62DDFA66A00EB4583 /* Debug */,
				92E65BE72DDFA66A00EB4583 /* Release */,
			);
			defaultConfigurationIsVisible = 0;
			defaultConfigurationName = Release;
		};
/* End XCConfigurationList section */
	};
	rootObject = 92E65BB62DDFA66800EB4583 /* Project object */;
}
